
Microsoft Visual Studio Solution File, Format Version 12.00
# Visual Studio Version 17
VisualStudioVersion = 17.13.35931.197
MinimumVisualStudioVersion = 10.0.40219.1
Project("{FAE04EC0-301F-11D3-BF4B-00C04F79EFBC}") = "trainingafter2", "trainingafter2\trainingafter2.csproj", "{62314474-02E8-440D-B741-8378DB61A7D6}"
EndProject
Project("{FAE04EC0-301F-11D3-BF4B-00C04F79EFBC}") = "trainingafter2.Tests", "trainingafter2.Tests\trainingafter2.Tests.csproj", "{3D7E8B65-4FBE-46D0-8E0B-1A3A107A45E1}"
EndProject
Global
	GlobalSection(SolutionConfigurationPlatforms) = preSolution
		Debug|Any CPU = Debug|Any CPU
		Debug|x64 = Debug|x64
		Debug|x86 = Debug|x86
		Release|Any CPU = Release|Any CPU
		Release|x64 = Release|x64
		Release|x86 = Release|x86
	EndGlobalSection
	GlobalSection(ProjectConfigurationPlatforms) = postSolution
		{62314474-02E8-440D-B741-8378DB61A7D6}.Debug|Any CPU.ActiveCfg = Debug|Any CPU
		{62314474-02E8-440D-B741-8378DB61A7D6}.Debug|Any CPU.Build.0 = Debug|Any CPU
		{62314474-02E8-440D-B741-8378DB61A7D6}.Debug|x64.ActiveCfg = Debug|Any CPU
		{62314474-02E8-440D-B741-8378DB61A7D6}.Debug|x64.Build.0 = Debug|Any CPU
		{62314474-02E8-440D-B741-8378DB61A7D6}.Debug|x86.ActiveCfg = Debug|Any CPU
		{62314474-02E8-440D-B741-8378DB61A7D6}.Debug|x86.Build.0 = Debug|Any CPU
		{62314474-02E8-440D-B741-8378DB61A7D6}.Release|Any CPU.ActiveCfg = Release|Any CPU
		{62314474-02E8-440D-B741-8378DB61A7D6}.Release|Any CPU.Build.0 = Release|Any CPU
		{62314474-02E8-440D-B741-8378DB61A7D6}.Release|x64.ActiveCfg = Release|Any CPU
		{62314474-02E8-440D-B741-8378DB61A7D6}.Release|x64.Build.0 = Release|Any CPU
		{62314474-02E8-440D-B741-8378DB61A7D6}.Release|x86.ActiveCfg = Release|Any CPU
		{62314474-02E8-440D-B741-8378DB61A7D6}.Release|x86.Build.0 = Release|Any CPU
		{3D7E8B65-4FBE-46D0-8E0B-1A3A107A45E1}.Debug|Any CPU.ActiveCfg = Debug|Any CPU
		{3D7E8B65-4FBE-46D0-8E0B-1A3A107A45E1}.Debug|Any CPU.Build.0 = Debug|Any CPU
		{3D7E8B65-4FBE-46D0-8E0B-1A3A107A45E1}.Debug|x64.ActiveCfg = Debug|Any CPU
		{3D7E8B65-4FBE-46D0-8E0B-1A3A107A45E1}.Debug|x64.Build.0 = Debug|Any CPU
		{3D7E8B65-4FBE-46D0-8E0B-1A3A107A45E1}.Debug|x86.ActiveCfg = Debug|Any CPU
		{3D7E8B65-4FBE-46D0-8E0B-1A3A107A45E1}.Debug|x86.Build.0 = Debug|Any CPU
		{3D7E8B65-4FBE-46D0-8E0B-1A3A107A45E1}.Release|Any CPU.ActiveCfg = Release|Any CPU
		{3D7E8B65-4FBE-46D0-8E0B-1A3A107A45E1}.Release|Any CPU.Build.0 = Release|Any CPU
		{3D7E8B65-4FBE-46D0-8E0B-1A3A107A45E1}.Release|x64.ActiveCfg = Release|Any CPU
		{3D7E8B65-4FBE-46D0-8E0B-1A3A107A45E1}.Release|x64.Build.0 = Release|Any CPU
		{3D7E8B65-4FBE-46D0-8E0B-1A3A107A45E1}.Release|x86.ActiveCfg = Release|Any CPU
		{3D7E8B65-4FBE-46D0-8E0B-1A3A107A45E1}.Release|x86.Build.0 = Release|Any CPU
	EndGlobalSection
	GlobalSection(SolutionProperties) = preSolution
		HideSolutionNode = FALSE
	EndGlobalSection
	GlobalSection(ExtensibilityGlobals) = postSolution
		SolutionGuid = {8EC96874-4C3B-4917-A00D-0A525CA398B2}
	EndGlobalSection
EndGlobal
